
Microsoft Visual Studio Solution File, Format Version 12.00
# Visual Studio Version 16
VisualStudioVersion = 16.0.30907.101
MinimumVisualStudioVersion = 10.0.40219.1
Project("{FAE04EC0-301F-11D3-BF4B-00C04F79EFBC}") = "luqman-codeByLuqman", "luqman-codeByLuqman.csproj", "{78BC8B66-F1A0-40BF-B73E-3ACAA3F29864}"
EndProject
Global
	GlobalSection(SolutionConfigurationPlatforms) = preSolution
		Debug|Any CPU = Debug|Any CPU
		Release|Any CPU = Release|Any CPU
	EndGlobalSection
	GlobalSection(ProjectConfigurationPlatforms) = postSolution
		{78BC8B66-F1A0-40BF-B73E-3ACAA3F29864}.Debug|Any CPU.ActiveCfg = Debug|Any CPU
		{78BC8B66-F1A0-40BF-B73E-3ACAA3F29864}.Debug|Any CPU.Build.0 = Debug|Any CPU
		{78BC8B66-F1A0-40BF-B73E-3ACAA3F29864}.Release|Any CPU.ActiveCfg = Release|Any CPU
		{78BC8B66-F1A0-40BF-B73E-3ACAA3F29864}.Release|Any CPU.Build.0 = Release|Any CPU
	EndGlobalSection
	GlobalSection(SolutionProperties) = preSolution
		HideSolutionNode = FALSE
	EndGlobalSection
	GlobalSection(ExtensibilityGlobals) = postSolution
		SolutionGuid = {76F8D195-35CC-4E66-B121-8D50F9743378}
	EndGlobalSection
EndGlobal
